{
  "lockfileVersion": 1,
  "workspaces": {
    "": {
      "name": "all-in-one-tools",
      "dependencies": {
        "@tauri-apps/api": "^2",
        "@tauri-apps/plugin-clipboard-manager": "^2",
        "@tauri-apps/plugin-dialog": "^2",
        "@tauri-apps/plugin-fs": "^2",
        "@tauri-apps/plugin-opener": "^2",
        "diff": "^8.0.2",
        "diff2html": "^3.4.52",
        "element-plus": "^2.10.4",
        "exifr": "^7.1.3",
        "jsondiffpatch": "^0.7.3",
        "lodash": "^4.17.21",
        "vue": "^3.5.13",
        "vue-draggable-next": "^2.2.1",
        "vue-router": "^4.5.1",
      },
      "devDependencies": {
        "@tauri-apps/cli": "^2",
        "@types/prettier": "^3.0.0",
        "@vitejs/plugin-vue": "^5.2.1",
        "typescript": "~5.6.2",
        "vite": "^6.0.3",
        "vue-tsc": "^2.1.10",
      },
    },
  },
  "packages": {
    "@babel/helper-string-parser": ["@babel/helper-string-parser@7.27.1", "https://registry.npmmirror.com/@babel/helper-string-parser/-/helper-string-parser-7.27.1.tgz", {}, "sha512-qMlSxKbpRlAridDExk92nSobyDdpPijUq2DW6oDnUqd0iOGxmQjyqhMIihI9+zv4LPyZdRje2cavWPbCbWm3eA=="],

    "@babel/helper-validator-identifier": ["@babel/helper-validator-identifier@7.27.1", "https://registry.npmmirror.com/@babel/helper-validator-identifier/-/helper-validator-identifier-7.27.1.tgz", {}, "sha512-D2hP9eA+Sqx1kBZgzxZh0y1trbuU+JoDkiEwqhQ36nodYqJwyEIhPSdMNd7lOm/4io72luTPWH20Yda0xOuUow=="],

    "@babel/parser": ["@babel/parser@7.28.0", "https://registry.npmmirror.com/@babel/parser/-/parser-7.28.0.tgz", { "dependencies": { "@babel/types": "^7.28.0" }, "bin": "./bin/babel-parser.js" }, "sha512-jVZGvOxOuNSsuQuLRTh13nU0AogFlw32w/MT+LV6D3sP5WdbW61E77RnkbaO2dUvmPAYrBDJXGn5gGS6tH4j8g=="],

    "@babel/types": ["@babel/types@7.28.2", "https://registry.npmmirror.com/@babel/types/-/types-7.28.2.tgz", { "dependencies": { "@babel/helper-string-parser": "^7.27.1", "@babel/helper-validator-identifier": "^7.27.1" } }, "sha512-ruv7Ae4J5dUYULmeXw1gmb7rYRz57OWCPM57pHojnLq/3Z1CK2lNSLTCVjxVk1F/TZHwOZZrOWi0ur95BbLxNQ=="],

    "@ctrl/tinycolor": ["@ctrl/tinycolor@3.6.1", "https://registry.npmmirror.com/@ctrl/tinycolor/-/tinycolor-3.6.1.tgz", {}, "sha512-SITSV6aIXsuVNV3f3O0f2n/cgyEDWoSqtZMYiAmcsYHydcKrOz3gUxB/iXd/Qf08+IZX4KpgNbvUdMBmWz+kcA=="],

    "@dmsnell/diff-match-patch": ["@dmsnell/diff-match-patch@1.1.0", "", {}, "sha512-yejLPmM5pjsGvxS9gXablUSbInW7H976c/FJ4iQxWIm7/38xBySRemTPDe34lhg1gVLbJntX0+sH0jYfU+PN9A=="],

    "@element-plus/icons-vue": ["@element-plus/icons-vue@2.3.1", "https://registry.npmmirror.com/@element-plus/icons-vue/-/icons-vue-2.3.1.tgz", { "peerDependencies": { "vue": "^3.2.0" } }, "sha512-XxVUZv48RZAd87ucGS48jPf6pKu0yV5UCg9f4FFwtrYxXOwWuVJo6wOvSLKEoMQKjv8GsX/mhP6UsC1lRwbUWg=="],

    "@esbuild/aix-ppc64": ["@esbuild/aix-ppc64@0.25.8", "https://registry.npmmirror.com/@esbuild/aix-ppc64/-/aix-ppc64-0.25.8.tgz", { "os": "aix", "cpu": "ppc64" }, "sha512-urAvrUedIqEiFR3FYSLTWQgLu5tb+m0qZw0NBEasUeo6wuqatkMDaRT+1uABiGXEu5vqgPd7FGE1BhsAIy9QVA=="],

    "@esbuild/android-arm": ["@esbuild/android-arm@0.25.8", "https://registry.npmmirror.com/@esbuild/android-arm/-/android-arm-0.25.8.tgz", { "os": "android", "cpu": "arm" }, "sha512-RONsAvGCz5oWyePVnLdZY/HHwA++nxYWIX1atInlaW6SEkwq6XkP3+cb825EUcRs5Vss/lGh/2YxAb5xqc07Uw=="],

    "@esbuild/android-arm64": ["@esbuild/android-arm64@0.25.8", "https://registry.npmmirror.com/@esbuild/android-arm64/-/android-arm64-0.25.8.tgz", { "os": "android", "cpu": "arm64" }, "sha512-OD3p7LYzWpLhZEyATcTSJ67qB5D+20vbtr6vHlHWSQYhKtzUYrETuWThmzFpZtFsBIxRvhO07+UgVA9m0i/O1w=="],

    "@esbuild/android-x64": ["@esbuild/android-x64@0.25.8", "https://registry.npmmirror.com/@esbuild/android-x64/-/android-x64-0.25.8.tgz", { "os": "android", "cpu": "x64" }, "sha512-yJAVPklM5+4+9dTeKwHOaA+LQkmrKFX96BM0A/2zQrbS6ENCmxc4OVoBs5dPkCCak2roAD+jKCdnmOqKszPkjA=="],

    "@esbuild/darwin-arm64": ["@esbuild/darwin-arm64@0.25.8", "https://registry.npmmirror.com/@esbuild/darwin-arm64/-/darwin-arm64-0.25.8.tgz", { "os": "darwin", "cpu": "arm64" }, "sha512-Jw0mxgIaYX6R8ODrdkLLPwBqHTtYHJSmzzd+QeytSugzQ0Vg4c5rDky5VgkoowbZQahCbsv1rT1KW72MPIkevw=="],

    "@esbuild/darwin-x64": ["@esbuild/darwin-x64@0.25.8", "https://registry.npmmirror.com/@esbuild/darwin-x64/-/darwin-x64-0.25.8.tgz", { "os": "darwin", "cpu": "x64" }, "sha512-Vh2gLxxHnuoQ+GjPNvDSDRpoBCUzY4Pu0kBqMBDlK4fuWbKgGtmDIeEC081xi26PPjn+1tct+Bh8FjyLlw1Zlg=="],

    "@esbuild/freebsd-arm64": ["@esbuild/freebsd-arm64@0.25.8", "https://registry.npmmirror.com/@esbuild/freebsd-arm64/-/freebsd-arm64-0.25.8.tgz", { "os": "freebsd", "cpu": "arm64" }, "sha512-YPJ7hDQ9DnNe5vxOm6jaie9QsTwcKedPvizTVlqWG9GBSq+BuyWEDazlGaDTC5NGU4QJd666V0yqCBL2oWKPfA=="],

    "@esbuild/freebsd-x64": ["@esbuild/freebsd-x64@0.25.8", "https://registry.npmmirror.com/@esbuild/freebsd-x64/-/freebsd-x64-0.25.8.tgz", { "os": "freebsd", "cpu": "x64" }, "sha512-MmaEXxQRdXNFsRN/KcIimLnSJrk2r5H8v+WVafRWz5xdSVmWLoITZQXcgehI2ZE6gioE6HirAEToM/RvFBeuhw=="],

    "@esbuild/linux-arm": ["@esbuild/linux-arm@0.25.8", "https://registry.npmmirror.com/@esbuild/linux-arm/-/linux-arm-0.25.8.tgz", { "os": "linux", "cpu": "arm" }, "sha512-FuzEP9BixzZohl1kLf76KEVOsxtIBFwCaLupVuk4eFVnOZfU+Wsn+x5Ryam7nILV2pkq2TqQM9EZPsOBuMC+kg=="],

    "@esbuild/linux-arm64": ["@esbuild/linux-arm64@0.25.8", "https://registry.npmmirror.com/@esbuild/linux-arm64/-/linux-arm64-0.25.8.tgz", { "os": "linux", "cpu": "arm64" }, "sha512-WIgg00ARWv/uYLU7lsuDK00d/hHSfES5BzdWAdAig1ioV5kaFNrtK8EqGcUBJhYqotlUByUKz5Qo6u8tt7iD/w=="],

    "@esbuild/linux-ia32": ["@esbuild/linux-ia32@0.25.8", "https://registry.npmmirror.com/@esbuild/linux-ia32/-/linux-ia32-0.25.8.tgz", { "os": "linux", "cpu": "ia32" }, "sha512-A1D9YzRX1i+1AJZuFFUMP1E9fMaYY+GnSQil9Tlw05utlE86EKTUA7RjwHDkEitmLYiFsRd9HwKBPEftNdBfjg=="],

    "@esbuild/linux-loong64": ["@esbuild/linux-loong64@0.25.8", "https://registry.npmmirror.com/@esbuild/linux-loong64/-/linux-loong64-0.25.8.tgz", { "os": "linux", "cpu": "none" }, "sha512-O7k1J/dwHkY1RMVvglFHl1HzutGEFFZ3kNiDMSOyUrB7WcoHGf96Sh+64nTRT26l3GMbCW01Ekh/ThKM5iI7hQ=="],

    "@esbuild/linux-mips64el": ["@esbuild/linux-mips64el@0.25.8", "https://registry.npmmirror.com/@esbuild/linux-mips64el/-/linux-mips64el-0.25.8.tgz", { "os": "linux", "cpu": "none" }, "sha512-uv+dqfRazte3BzfMp8PAQXmdGHQt2oC/y2ovwpTteqrMx2lwaksiFZ/bdkXJC19ttTvNXBuWH53zy/aTj1FgGw=="],

    "@esbuild/linux-ppc64": ["@esbuild/linux-ppc64@0.25.8", "https://registry.npmmirror.com/@esbuild/linux-ppc64/-/linux-ppc64-0.25.8.tgz", { "os": "linux", "cpu": "ppc64" }, "sha512-GyG0KcMi1GBavP5JgAkkstMGyMholMDybAf8wF5A70CALlDM2p/f7YFE7H92eDeH/VBtFJA5MT4nRPDGg4JuzQ=="],

    "@esbuild/linux-riscv64": ["@esbuild/linux-riscv64@0.25.8", "https://registry.npmmirror.com/@esbuild/linux-riscv64/-/linux-riscv64-0.25.8.tgz", { "os": "linux", "cpu": "none" }, "sha512-rAqDYFv3yzMrq7GIcen3XP7TUEG/4LK86LUPMIz6RT8A6pRIDn0sDcvjudVZBiiTcZCY9y2SgYX2lgK3AF+1eg=="],

    "@esbuild/linux-s390x": ["@esbuild/linux-s390x@0.25.8", "https://registry.npmmirror.com/@esbuild/linux-s390x/-/linux-s390x-0.25.8.tgz", { "os": "linux", "cpu": "s390x" }, "sha512-Xutvh6VjlbcHpsIIbwY8GVRbwoviWT19tFhgdA7DlenLGC/mbc3lBoVb7jxj9Z+eyGqvcnSyIltYUrkKzWqSvg=="],

    "@esbuild/linux-x64": ["@esbuild/linux-x64@0.25.8", "https://registry.npmmirror.com/@esbuild/linux-x64/-/linux-x64-0.25.8.tgz", { "os": "linux", "cpu": "x64" }, "sha512-ASFQhgY4ElXh3nDcOMTkQero4b1lgubskNlhIfJrsH5OKZXDpUAKBlNS0Kx81jwOBp+HCeZqmoJuihTv57/jvQ=="],

    "@esbuild/netbsd-arm64": ["@esbuild/netbsd-arm64@0.25.8", "https://registry.npmmirror.com/@esbuild/netbsd-arm64/-/netbsd-arm64-0.25.8.tgz", { "os": "none", "cpu": "arm64" }, "sha512-d1KfruIeohqAi6SA+gENMuObDbEjn22olAR7egqnkCD9DGBG0wsEARotkLgXDu6c4ncgWTZJtN5vcgxzWRMzcw=="],

    "@esbuild/netbsd-x64": ["@esbuild/netbsd-x64@0.25.8", "https://registry.npmmirror.com/@esbuild/netbsd-x64/-/netbsd-x64-0.25.8.tgz", { "os": "none", "cpu": "x64" }, "sha512-nVDCkrvx2ua+XQNyfrujIG38+YGyuy2Ru9kKVNyh5jAys6n+l44tTtToqHjino2My8VAY6Lw9H7RI73XFi66Cg=="],

    "@esbuild/openbsd-arm64": ["@esbuild/openbsd-arm64@0.25.8", "https://registry.npmmirror.com/@esbuild/openbsd-arm64/-/openbsd-arm64-0.25.8.tgz", { "os": "openbsd", "cpu": "arm64" }, "sha512-j8HgrDuSJFAujkivSMSfPQSAa5Fxbvk4rgNAS5i3K+r8s1X0p1uOO2Hl2xNsGFppOeHOLAVgYwDVlmxhq5h+SQ=="],

    "@esbuild/openbsd-x64": ["@esbuild/openbsd-x64@0.25.8", "https://registry.npmmirror.com/@esbuild/openbsd-x64/-/openbsd-x64-0.25.8.tgz", { "os": "openbsd", "cpu": "x64" }, "sha512-1h8MUAwa0VhNCDp6Af0HToI2TJFAn1uqT9Al6DJVzdIBAd21m/G0Yfc77KDM3uF3T/YaOgQq3qTJHPbTOInaIQ=="],

    "@esbuild/openharmony-arm64": ["@esbuild/openharmony-arm64@0.25.8", "https://registry.npmmirror.com/@esbuild/openharmony-arm64/-/openharmony-arm64-0.25.8.tgz", { "os": "none", "cpu": "arm64" }, "sha512-r2nVa5SIK9tSWd0kJd9HCffnDHKchTGikb//9c7HX+r+wHYCpQrSgxhlY6KWV1nFo1l4KFbsMlHk+L6fekLsUg=="],

    "@esbuild/sunos-x64": ["@esbuild/sunos-x64@0.25.8", "https://registry.npmmirror.com/@esbuild/sunos-x64/-/sunos-x64-0.25.8.tgz", { "os": "sunos", "cpu": "x64" }, "sha512-zUlaP2S12YhQ2UzUfcCuMDHQFJyKABkAjvO5YSndMiIkMimPmxA+BYSBikWgsRpvyxuRnow4nS5NPnf9fpv41w=="],

    "@esbuild/win32-arm64": ["@esbuild/win32-arm64@0.25.8", "https://registry.npmmirror.com/@esbuild/win32-arm64/-/win32-arm64-0.25.8.tgz", { "os": "win32", "cpu": "arm64" }, "sha512-YEGFFWESlPva8hGL+zvj2z/SaK+pH0SwOM0Nc/d+rVnW7GSTFlLBGzZkuSU9kFIGIo8q9X3ucpZhu8PDN5A2sQ=="],

    "@esbuild/win32-ia32": ["@esbuild/win32-ia32@0.25.8", "https://registry.npmmirror.com/@esbuild/win32-ia32/-/win32-ia32-0.25.8.tgz", { "os": "win32", "cpu": "ia32" }, "sha512-hiGgGC6KZ5LZz58OL/+qVVoZiuZlUYlYHNAmczOm7bs2oE1XriPFi5ZHHrS8ACpV5EjySrnoCKmcbQMN+ojnHg=="],

    "@esbuild/win32-x64": ["@esbuild/win32-x64@0.25.8", "https://registry.npmmirror.com/@esbuild/win32-x64/-/win32-x64-0.25.8.tgz", { "os": "win32", "cpu": "x64" }, "sha512-cn3Yr7+OaaZq1c+2pe+8yxC8E144SReCQjN6/2ynubzYjvyqZjTXfQJpAcQpsdJq3My7XADANiYGHoFC69pLQw=="],

    "@floating-ui/core": ["@floating-ui/core@1.7.2", "https://registry.npmmirror.com/@floating-ui/core/-/core-1.7.2.tgz", { "dependencies": { "@floating-ui/utils": "^0.2.10" } }, "sha512-wNB5ooIKHQc+Kui96jE/n69rHFWAVoxn5CAzL1Xdd8FG03cgY3MLO+GF9U3W737fYDSgPWA6MReKhBQBop6Pcw=="],

    "@floating-ui/dom": ["@floating-ui/dom@1.7.2", "https://registry.npmmirror.com/@floating-ui/dom/-/dom-1.7.2.tgz", { "dependencies": { "@floating-ui/core": "^1.7.2", "@floating-ui/utils": "^0.2.10" } }, "sha512-7cfaOQuCS27HD7DX+6ib2OrnW+b4ZBwDNnCcT0uTyidcmyWb03FnQqJybDBoCnpdxwBSfA94UAYlRCt7mV+TbA=="],

    "@floating-ui/utils": ["@floating-ui/utils@0.2.10", "https://registry.npmmirror.com/@floating-ui/utils/-/utils-0.2.10.tgz", {}, "sha512-aGTxbpbg8/b5JfU1HXSrbH3wXZuLPJcNEcZQFMxLs3oSzgtVu6nFPkbbGGUvBcUjKV2YyB9Wxxabo+HEH9tcRQ=="],

    "@jridgewell/sourcemap-codec": ["@jridgewell/sourcemap-codec@1.5.4", "https://registry.npmmirror.com/@jridgewell/sourcemap-codec/-/sourcemap-codec-1.5.4.tgz", {}, "sha512-VT2+G1VQs/9oz078bLrYbecdZKs912zQlkelYpuf+SXF+QvZDYJlbx/LSx+meSAwdDFnF8FVXW92AVjjkVmgFw=="],

    "@popperjs/core": ["@sxzz/popperjs-es@2.11.7", "https://registry.npmmirror.com/@sxzz/popperjs-es/-/popperjs-es-2.11.7.tgz", {}, "sha512-Ccy0NlLkzr0Ex2FKvh2X+OyERHXJ88XJ1MXtsI9y9fGexlaXaVTPzBCRBwIxFkORuOb+uBqeu+RqnpgYTEZRUQ=="],

    "@rollup/rollup-android-arm-eabi": ["@rollup/rollup-android-arm-eabi@4.45.1", "https://registry.npmmirror.com/@rollup/rollup-android-arm-eabi/-/rollup-android-arm-eabi-4.45.1.tgz", { "os": "android", "cpu": "arm" }, "sha512-NEySIFvMY0ZQO+utJkgoMiCAjMrGvnbDLHvcmlA33UXJpYBCvlBEbMMtV837uCkS+plG2umfhn0T5mMAxGrlRA=="],

    "@rollup/rollup-android-arm64": ["@rollup/rollup-android-arm64@4.45.1", "https://registry.npmmirror.com/@rollup/rollup-android-arm64/-/rollup-android-arm64-4.45.1.tgz", { "os": "android", "cpu": "arm64" }, "sha512-ujQ+sMXJkg4LRJaYreaVx7Z/VMgBBd89wGS4qMrdtfUFZ+TSY5Rs9asgjitLwzeIbhwdEhyj29zhst3L1lKsRQ=="],

    "@rollup/rollup-darwin-arm64": ["@rollup/rollup-darwin-arm64@4.45.1", "https://registry.npmmirror.com/@rollup/rollup-darwin-arm64/-/rollup-darwin-arm64-4.45.1.tgz", { "os": "darwin", "cpu": "arm64" }, "sha512-FSncqHvqTm3lC6Y13xncsdOYfxGSLnP+73k815EfNmpewPs+EyM49haPS105Rh4aF5mJKywk9X0ogzLXZzN9lA=="],

    "@rollup/rollup-darwin-x64": ["@rollup/rollup-darwin-x64@4.45.1", "https://registry.npmmirror.com/@rollup/rollup-darwin-x64/-/rollup-darwin-x64-4.45.1.tgz", { "os": "darwin", "cpu": "x64" }, "sha512-2/vVn/husP5XI7Fsf/RlhDaQJ7x9zjvC81anIVbr4b/f0xtSmXQTFcGIQ/B1cXIYM6h2nAhJkdMHTnD7OtQ9Og=="],

    "@rollup/rollup-freebsd-arm64": ["@rollup/rollup-freebsd-arm64@4.45.1", "https://registry.npmmirror.com/@rollup/rollup-freebsd-arm64/-/rollup-freebsd-arm64-4.45.1.tgz", { "os": "freebsd", "cpu": "arm64" }, "sha512-4g1kaDxQItZsrkVTdYQ0bxu4ZIQ32cotoQbmsAnW1jAE4XCMbcBPDirX5fyUzdhVCKgPcrwWuucI8yrVRBw2+g=="],

    "@rollup/rollup-freebsd-x64": ["@rollup/rollup-freebsd-x64@4.45.1", "https://registry.npmmirror.com/@rollup/rollup-freebsd-x64/-/rollup-freebsd-x64-4.45.1.tgz", { "os": "freebsd", "cpu": "x64" }, "sha512-L/6JsfiL74i3uK1Ti2ZFSNsp5NMiM4/kbbGEcOCps99aZx3g8SJMO1/9Y0n/qKlWZfn6sScf98lEOUe2mBvW9A=="],

    "@rollup/rollup-linux-arm-gnueabihf": ["@rollup/rollup-linux-arm-gnueabihf@4.45.1", "https://registry.npmmirror.com/@rollup/rollup-linux-arm-gnueabihf/-/rollup-linux-arm-gnueabihf-4.45.1.tgz", { "os": "linux", "cpu": "arm" }, "sha512-RkdOTu2jK7brlu+ZwjMIZfdV2sSYHK2qR08FUWcIoqJC2eywHbXr0L8T/pONFwkGukQqERDheaGTeedG+rra6Q=="],

    "@rollup/rollup-linux-arm-musleabihf": ["@rollup/rollup-linux-arm-musleabihf@4.45.1", "https://registry.npmmirror.com/@rollup/rollup-linux-arm-musleabihf/-/rollup-linux-arm-musleabihf-4.45.1.tgz", { "os": "linux", "cpu": "arm" }, "sha512-3kJ8pgfBt6CIIr1o+HQA7OZ9mp/zDk3ctekGl9qn/pRBgrRgfwiffaUmqioUGN9hv0OHv2gxmvdKOkARCtRb8Q=="],

    "@rollup/rollup-linux-arm64-gnu": ["@rollup/rollup-linux-arm64-gnu@4.45.1", "https://registry.npmmirror.com/@rollup/rollup-linux-arm64-gnu/-/rollup-linux-arm64-gnu-4.45.1.tgz", { "os": "linux", "cpu": "arm64" }, "sha512-k3dOKCfIVixWjG7OXTCOmDfJj3vbdhN0QYEqB+OuGArOChek22hn7Uy5A/gTDNAcCy5v2YcXRJ/Qcnm4/ma1xw=="],

    "@rollup/rollup-linux-arm64-musl": ["@rollup/rollup-linux-arm64-musl@4.45.1", "https://registry.npmmirror.com/@rollup/rollup-linux-arm64-musl/-/rollup-linux-arm64-musl-4.45.1.tgz", { "os": "linux", "cpu": "arm64" }, "sha512-PmI1vxQetnM58ZmDFl9/Uk2lpBBby6B6rF4muJc65uZbxCs0EA7hhKCk2PKlmZKuyVSHAyIw3+/SiuMLxKxWog=="],

    "@rollup/rollup-linux-loongarch64-gnu": ["@rollup/rollup-linux-loongarch64-gnu@4.45.1", "https://registry.npmmirror.com/@rollup/rollup-linux-loongarch64-gnu/-/rollup-linux-loongarch64-gnu-4.45.1.tgz", { "os": "linux", "cpu": "none" }, "sha512-9UmI0VzGmNJ28ibHW2GpE2nF0PBQqsyiS4kcJ5vK+wuwGnV5RlqdczVocDSUfGX/Na7/XINRVoUgJyFIgipoRg=="],

    "@rollup/rollup-linux-powerpc64le-gnu": ["@rollup/rollup-linux-powerpc64le-gnu@4.45.1", "https://registry.npmmirror.com/@rollup/rollup-linux-powerpc64le-gnu/-/rollup-linux-powerpc64le-gnu-4.45.1.tgz", { "os": "linux", "cpu": "ppc64" }, "sha512-7nR2KY8oEOUTD3pBAxIBBbZr0U7U+R9HDTPNy+5nVVHDXI4ikYniH1oxQz9VoB5PbBU1CZuDGHkLJkd3zLMWsg=="],

    "@rollup/rollup-linux-riscv64-gnu": ["@rollup/rollup-linux-riscv64-gnu@4.45.1", "https://registry.npmmirror.com/@rollup/rollup-linux-riscv64-gnu/-/rollup-linux-riscv64-gnu-4.45.1.tgz", { "os": "linux", "cpu": "none" }, "sha512-nlcl3jgUultKROfZijKjRQLUu9Ma0PeNv/VFHkZiKbXTBQXhpytS8CIj5/NfBeECZtY2FJQubm6ltIxm/ftxpw=="],

    "@rollup/rollup-linux-riscv64-musl": ["@rollup/rollup-linux-riscv64-musl@4.45.1", "https://registry.npmmirror.com/@rollup/rollup-linux-riscv64-musl/-/rollup-linux-riscv64-musl-4.45.1.tgz", { "os": "linux", "cpu": "none" }, "sha512-HJV65KLS51rW0VY6rvZkiieiBnurSzpzore1bMKAhunQiECPuxsROvyeaot/tcK3A3aGnI+qTHqisrpSgQrpgA=="],

    "@rollup/rollup-linux-s390x-gnu": ["@rollup/rollup-linux-s390x-gnu@4.45.1", "https://registry.npmmirror.com/@rollup/rollup-linux-s390x-gnu/-/rollup-linux-s390x-gnu-4.45.1.tgz", { "os": "linux", "cpu": "s390x" }, "sha512-NITBOCv3Qqc6hhwFt7jLV78VEO/il4YcBzoMGGNxznLgRQf43VQDae0aAzKiBeEPIxnDrACiMgbqjuihx08OOw=="],

    "@rollup/rollup-linux-x64-gnu": ["@rollup/rollup-linux-x64-gnu@4.45.1", "https://registry.npmmirror.com/@rollup/rollup-linux-x64-gnu/-/rollup-linux-x64-gnu-4.45.1.tgz", { "os": "linux", "cpu": "x64" }, "sha512-+E/lYl6qu1zqgPEnTrs4WysQtvc/Sh4fC2nByfFExqgYrqkKWp1tWIbe+ELhixnenSpBbLXNi6vbEEJ8M7fiHw=="],

    "@rollup/rollup-linux-x64-musl": ["@rollup/rollup-linux-x64-musl@4.45.1", "https://registry.npmmirror.com/@rollup/rollup-linux-x64-musl/-/rollup-linux-x64-musl-4.45.1.tgz", { "os": "linux", "cpu": "x64" }, "sha512-a6WIAp89p3kpNoYStITT9RbTbTnqarU7D8N8F2CV+4Cl9fwCOZraLVuVFvlpsW0SbIiYtEnhCZBPLoNdRkjQFw=="],

    "@rollup/rollup-win32-arm64-msvc": ["@rollup/rollup-win32-arm64-msvc@4.45.1", "https://registry.npmmirror.com/@rollup/rollup-win32-arm64-msvc/-/rollup-win32-arm64-msvc-4.45.1.tgz", { "os": "win32", "cpu": "arm64" }, "sha512-T5Bi/NS3fQiJeYdGvRpTAP5P02kqSOpqiopwhj0uaXB6nzs5JVi2XMJb18JUSKhCOX8+UE1UKQufyD6Or48dJg=="],

    "@rollup/rollup-win32-ia32-msvc": ["@rollup/rollup-win32-ia32-msvc@4.45.1", "https://registry.npmmirror.com/@rollup/rollup-win32-ia32-msvc/-/rollup-win32-ia32-msvc-4.45.1.tgz", { "os": "win32", "cpu": "ia32" }, "sha512-lxV2Pako3ujjuUe9jiU3/s7KSrDfH6IgTSQOnDWr9aJ92YsFd7EurmClK0ly/t8dzMkDtd04g60WX6yl0sGfdw=="],

    "@rollup/rollup-win32-x64-msvc": ["@rollup/rollup-win32-x64-msvc@4.45.1", "https://registry.npmmirror.com/@rollup/rollup-win32-x64-msvc/-/rollup-win32-x64-msvc-4.45.1.tgz", { "os": "win32", "cpu": "x64" }, "sha512-M/fKi4sasCdM8i0aWJjCSFm2qEnYRR8AMLG2kxp6wD13+tMGA4Z1tVAuHkNRjud5SW2EM3naLuK35w9twvf6aA=="],

    "@tauri-apps/api": ["@tauri-apps/api@2.7.0", "https://registry.npmmirror.com/@tauri-apps/api/-/api-2.7.0.tgz", {}, "sha512-v7fVE8jqBl8xJFOcBafDzXFc8FnicoH3j8o8DNNs0tHuEBmXUDqrCOAzMRX0UkfpwqZLqvrvK0GNQ45DfnoVDg=="],

    "@tauri-apps/cli": ["@tauri-apps/cli@2.7.1", "https://registry.npmmirror.com/@tauri-apps/cli/-/cli-2.7.1.tgz", { "optionalDependencies": { "@tauri-apps/cli-darwin-arm64": "2.7.1", "@tauri-apps/cli-darwin-x64": "2.7.1", "@tauri-apps/cli-linux-arm-gnueabihf": "2.7.1", "@tauri-apps/cli-linux-arm64-gnu": "2.7.1", "@tauri-apps/cli-linux-arm64-musl": "2.7.1", "@tauri-apps/cli-linux-riscv64-gnu": "2.7.1", "@tauri-apps/cli-linux-x64-gnu": "2.7.1", "@tauri-apps/cli-linux-x64-musl": "2.7.1", "@tauri-apps/cli-win32-arm64-msvc": "2.7.1", "@tauri-apps/cli-win32-ia32-msvc": "2.7.1", "@tauri-apps/cli-win32-x64-msvc": "2.7.1" }, "bin": { "tauri": "tauri.js" } }, "sha512-RcGWR4jOUEl92w3uvI0h61Llkfj9lwGD1iwvDRD2isMrDhOzjeeeVn9aGzeW1jubQ/kAbMYfydcA4BA0Cy733Q=="],

    "@tauri-apps/cli-darwin-arm64": ["@tauri-apps/cli-darwin-arm64@2.7.1", "https://registry.npmmirror.com/@tauri-apps/cli-darwin-arm64/-/cli-darwin-arm64-2.7.1.tgz", { "os": "darwin", "cpu": "arm64" }, "sha512-j2NXQN6+08G03xYiyKDKqbCV2Txt+hUKg0a8hYr92AmoCU8fgCjHyva/p16lGFGUG3P2Yu0xiNe1hXL9ZuRMzA=="],

    "@tauri-apps/cli-darwin-x64": ["@tauri-apps/cli-darwin-x64@2.7.1", "https://registry.npmmirror.com/@tauri-apps/cli-darwin-x64/-/cli-darwin-x64-2.7.1.tgz", { "os": "darwin", "cpu": "x64" }, "sha512-CdYAefeM35zKsc91qIyKzbaO7FhzTyWKsE8hj7tEJ1INYpoh1NeNNyL/NSEA3Nebi5ilugioJ5tRK8ZXG8y3gw=="],

    "@tauri-apps/cli-linux-arm-gnueabihf": ["@tauri-apps/cli-linux-arm-gnueabihf@2.7.1", "https://registry.npmmirror.com/@tauri-apps/cli-linux-arm-gnueabihf/-/cli-linux-arm-gnueabihf-2.7.1.tgz", { "os": "linux", "cpu": "arm" }, "sha512-dnvyJrTA1UJxJjQ8q1N/gWomjP8Twij1BUQu2fdcT3OPpqlrbOk5R1yT0oD/721xoKNjroB5BXCsmmlykllxNg=="],

    "@tauri-apps/cli-linux-arm64-gnu": ["@tauri-apps/cli-linux-arm64-gnu@2.7.1", "https://registry.npmmirror.com/@tauri-apps/cli-linux-arm64-gnu/-/cli-linux-arm64-gnu-2.7.1.tgz", { "os": "linux", "cpu": "arm64" }, "sha512-FtBW6LJPNRTws3qyUc294AqCWU91l/H0SsFKq6q4Q45MSS4x6wxLxou8zB53tLDGEPx3JSoPLcDaSfPlSbyujQ=="],

    "@tauri-apps/cli-linux-arm64-musl": ["@tauri-apps/cli-linux-arm64-musl@2.7.1", "https://registry.npmmirror.com/@tauri-apps/cli-linux-arm64-musl/-/cli-linux-arm64-musl-2.7.1.tgz", { "os": "linux", "cpu": "arm64" }, "sha512-/HXY0t4FHkpFzjeYS5c16mlA6z0kzn5uKLWptTLTdFSnYpr8FCnOP4Sdkvm2TDQPF2ERxXtNCd+WR/jQugbGnA=="],

    "@tauri-apps/cli-linux-riscv64-gnu": ["@tauri-apps/cli-linux-riscv64-gnu@2.7.1", "https://registry.npmmirror.com/@tauri-apps/cli-linux-riscv64-gnu/-/cli-linux-riscv64-gnu-2.7.1.tgz", { "os": "linux", "cpu": "none" }, "sha512-GeW5lVI2GhhnaYckiDzstG2j2Jwlud5d2XefRGwlOK+C/bVGLT1le8MNPYK8wgRlpeK8fG1WnJJYD6Ke7YQ8bg=="],

    "@tauri-apps/cli-linux-x64-gnu": ["@tauri-apps/cli-linux-x64-gnu@2.7.1", "https://registry.npmmirror.com/@tauri-apps/cli-linux-x64-gnu/-/cli-linux-x64-gnu-2.7.1.tgz", { "os": "linux", "cpu": "x64" }, "sha512-DprxKQkPxIPYwUgg+cscpv2lcIUhn2nxEPlk0UeaiV9vATxCXyytxr1gLcj3xgjGyNPlM0MlJyYaPy1JmRg1cA=="],

    "@tauri-apps/cli-linux-x64-musl": ["@tauri-apps/cli-linux-x64-musl@2.7.1", "https://registry.npmmirror.com/@tauri-apps/cli-linux-x64-musl/-/cli-linux-x64-musl-2.7.1.tgz", { "os": "linux", "cpu": "x64" }, "sha512-KLlq3kOK7OUyDR757c0zQjPULpGZpLhNB0lZmZpHXvoOUcqZoCXJHh4dT/mryWZJp5ilrem5l8o9ngrDo0X1AA=="],

    "@tauri-apps/cli-win32-arm64-msvc": ["@tauri-apps/cli-win32-arm64-msvc@2.7.1", "https://registry.npmmirror.com/@tauri-apps/cli-win32-arm64-msvc/-/cli-win32-arm64-msvc-2.7.1.tgz", { "os": "win32", "cpu": "arm64" }, "sha512-dH7KUjKkSypCeWPiainHyXoES3obS+JIZVoSwSZfKq2gWgs48FY3oT0hQNYrWveE+VR4VoR3b/F3CPGbgFvksA=="],

    "@tauri-apps/cli-win32-ia32-msvc": ["@tauri-apps/cli-win32-ia32-msvc@2.7.1", "https://registry.npmmirror.com/@tauri-apps/cli-win32-ia32-msvc/-/cli-win32-ia32-msvc-2.7.1.tgz", { "os": "win32", "cpu": "ia32" }, "sha512-1oeibfyWQPVcijOrTg709qhbXArjX3x1MPjrmA5anlygwrbByxLBcLXvotcOeULFcnH2FYUMMLLant8kgvwE5A=="],

    "@tauri-apps/cli-win32-x64-msvc": ["@tauri-apps/cli-win32-x64-msvc@2.7.1", "https://registry.npmmirror.com/@tauri-apps/cli-win32-x64-msvc/-/cli-win32-x64-msvc-2.7.1.tgz", { "os": "win32", "cpu": "x64" }, "sha512-D7Q9kDObutuirCNLxYQ7KAg2Xxg99AjcdYz/KuMw5HvyEPbkC9Q7JL0vOrQOrHEHxIQ2lYzFOZvKKoC2yyqXcg=="],

    "@tauri-apps/plugin-clipboard-manager": ["@tauri-apps/plugin-clipboard-manager@2.3.0", "", { "dependencies": { "@tauri-apps/api": "^2.6.0" } }, "sha512-81NOBA2P+OTY8RLkBwyl9ZR/0CeggLub4F6zxcxUIfFOAqtky7J61+K/MkH2SC1FMxNBxrX0swDuKvkjkHadlA=="],

    "@tauri-apps/plugin-dialog": ["@tauri-apps/plugin-dialog@2.3.1", "", { "dependencies": { "@tauri-apps/api": "^2.6.0" } }, "sha512-B7jvyhycV8SI/WHzPjciwtYfdFM6/9EXuMjRgYWZwn8GPDmHxpT80aJdb/eDVN+NgoAFDh9bu4QPonYahoYnZQ=="],

    "@tauri-apps/plugin-fs": ["@tauri-apps/plugin-fs@2.4.1", "", { "dependencies": { "@tauri-apps/api": "^2.6.0" } }, "sha512-vJlKZVGF3UAFGoIEVT6Oq5L4HGDCD78WmA4uhzitToqYiBKWAvZR61M6zAyQzHqLs0ADemkE4RSy/5sCmZm6ZQ=="],

    "@tauri-apps/plugin-opener": ["@tauri-apps/plugin-opener@2.4.0", "https://registry.npmmirror.com/@tauri-apps/plugin-opener/-/plugin-opener-2.4.0.tgz", { "dependencies": { "@tauri-apps/api": "^2.6.0" } }, "sha512-43VyN8JJtvKWJY72WI/KNZszTpDpzHULFxQs0CJBIYUdCRowQ6Q1feWTDb979N7nldqSuDOaBupZ6wz2nvuWwQ=="],

    "@types/estree": ["@types/estree@1.0.8", "https://registry.npmmirror.com/@types/estree/-/estree-1.0.8.tgz", {}, "sha512-dWHzHa2WqEXI/O1E9OjrocMTKJl2mSrEolh1Iomrv6U+JuNwaHXsXx9bLu5gG7BUWFIN0skIQJQ/L1rIex4X6w=="],

    "@types/lodash": ["@types/lodash@4.17.20", "https://registry.npmmirror.com/@types/lodash/-/lodash-4.17.20.tgz", {}, "sha512-H3MHACvFUEiujabxhaI/ImO6gUrd8oOurg7LQtS7mbwIXA/cUqWrvBsaeJ23aZEPk1TAYkurjfMbSELfoCXlGA=="],

    "@types/lodash-es": ["@types/lodash-es@4.17.12", "https://registry.npmmirror.com/@types/lodash-es/-/lodash-es-4.17.12.tgz", { "dependencies": { "@types/lodash": "*" } }, "sha512-0NgftHUcV4v34VhXm8QBSftKVXtbkBG3ViCjs6+eJ5a6y6Mi/jiFGPc1sC7QK+9BFhWrURE3EOggmWaSxL9OzQ=="],

    "@types/prettier": ["@types/prettier@3.0.0", "", { "dependencies": { "prettier": "*" } }, "sha512-mFMBfMOz8QxhYVbuINtswBp9VL2b4Y0QqYHwqLz3YbgtfAcat2Dl6Y1o4e22S/OVE6Ebl9m7wWiMT2lSbAs1wA=="],

    "@types/web-bluetooth": ["@types/web-bluetooth@0.0.16", "https://registry.npmmirror.com/@types/web-bluetooth/-/web-bluetooth-0.0.16.tgz", {}, "sha512-oh8q2Zc32S6gd/j50GowEjKLoOVOwHP/bWVjKJInBwQqdOYMdPrf1oVlelTlyfFK3CKxL1uahMDAr+vy8T7yMQ=="],

    "@vitejs/plugin-vue": ["@vitejs/plugin-vue@5.2.4", "https://registry.npmmirror.com/@vitejs/plugin-vue/-/plugin-vue-5.2.4.tgz", { "peerDependencies": { "vite": "^5.0.0 || ^6.0.0", "vue": "^3.2.25" } }, "sha512-7Yx/SXSOcQq5HiiV3orevHUFn+pmMB4cgbEkDYgnkUWb0WfeQ/wa2yFv6D5ICiCQOVpjA7vYDXrC7AGO8yjDHA=="],

    "@volar/language-core": ["@volar/language-core@2.4.15", "https://registry.npmmirror.com/@volar/language-core/-/language-core-2.4.15.tgz", { "dependencies": { "@volar/source-map": "2.4.15" } }, "sha512-3VHw+QZU0ZG9IuQmzT68IyN4hZNd9GchGPhbD9+pa8CVv7rnoOZwo7T8weIbrRmihqy3ATpdfXFnqRrfPVK6CA=="],

    "@volar/source-map": ["@volar/source-map@2.4.15", "https://registry.npmmirror.com/@volar/source-map/-/source-map-2.4.15.tgz", {}, "sha512-CPbMWlUN6hVZJYGcU/GSoHu4EnCHiLaXI9n8c9la6RaI9W5JHX+NqG+GSQcB0JdC2FIBLdZJwGsfKyBB71VlTg=="],

    "@volar/typescript": ["@volar/typescript@2.4.15", "https://registry.npmmirror.com/@volar/typescript/-/typescript-2.4.15.tgz", { "dependencies": { "@volar/language-core": "2.4.15", "path-browserify": "^1.0.1", "vscode-uri": "^3.0.8" } }, "sha512-2aZ8i0cqPGjXb4BhkMsPYDkkuc2ZQ6yOpqwAuNwUoncELqoy5fRgOQtLR9gB0g902iS0NAkvpIzs27geVyVdPg=="],

    "@vue/compiler-core": ["@vue/compiler-core@3.5.18", "https://registry.npmmirror.com/@vue/compiler-core/-/compiler-core-3.5.18.tgz", { "dependencies": { "@babel/parser": "^7.28.0", "@vue/shared": "3.5.18", "entities": "^4.5.0", "estree-walker": "^2.0.2", "source-map-js": "^1.2.1" } }, "sha512-3slwjQrrV1TO8MoXgy3aynDQ7lslj5UqDxuHnrzHtpON5CBinhWjJETciPngpin/T3OuW3tXUf86tEurusnztw=="],

    "@vue/compiler-dom": ["@vue/compiler-dom@3.5.18", "https://registry.npmmirror.com/@vue/compiler-dom/-/compiler-dom-3.5.18.tgz", { "dependencies": { "@vue/compiler-core": "3.5.18", "@vue/shared": "3.5.18" } }, "sha512-RMbU6NTU70++B1JyVJbNbeFkK+A+Q7y9XKE2EM4NLGm2WFR8x9MbAtWxPPLdm0wUkuZv9trpwfSlL6tjdIa1+A=="],

    "@vue/compiler-sfc": ["@vue/compiler-sfc@3.5.18", "https://registry.npmmirror.com/@vue/compiler-sfc/-/compiler-sfc-3.5.18.tgz", { "dependencies": { "@babel/parser": "^7.28.0", "@vue/compiler-core": "3.5.18", "@vue/compiler-dom": "3.5.18", "@vue/compiler-ssr": "3.5.18", "@vue/shared": "3.5.18", "estree-walker": "^2.0.2", "magic-string": "^0.30.17", "postcss": "^8.5.6", "source-map-js": "^1.2.1" } }, "sha512-5aBjvGqsWs+MoxswZPoTB9nSDb3dhd1x30xrrltKujlCxo48j8HGDNj3QPhF4VIS0VQDUrA1xUfp2hEa+FNyXA=="],

    "@vue/compiler-ssr": ["@vue/compiler-ssr@3.5.18", "https://registry.npmmirror.com/@vue/compiler-ssr/-/compiler-ssr-3.5.18.tgz", { "dependencies": { "@vue/compiler-dom": "3.5.18", "@vue/shared": "3.5.18" } }, "sha512-xM16Ak7rSWHkM3m22NlmcdIM+K4BMyFARAfV9hYFl+SFuRzrZ3uGMNW05kA5pmeMa0X9X963Kgou7ufdbpOP9g=="],

    "@vue/compiler-vue2": ["@vue/compiler-vue2@2.7.16", "https://registry.npmmirror.com/@vue/compiler-vue2/-/compiler-vue2-2.7.16.tgz", { "dependencies": { "de-indent": "^1.0.2", "he": "^1.2.0" } }, "sha512-qYC3Psj9S/mfu9uVi5WvNZIzq+xnXMhOwbTFKKDD7b1lhpnn71jXSFdTQ+WsIEk0ONCd7VV2IMm7ONl6tbQ86A=="],

    "@vue/devtools-api": ["@vue/devtools-api@6.6.4", "https://registry.npmmirror.com/@vue/devtools-api/-/devtools-api-6.6.4.tgz", {}, "sha512-sGhTPMuXqZ1rVOk32RylztWkfXTRhuS7vgAKv0zjqk8gbsHkJ7xfFf+jbySxt7tWObEJwyKaHMikV/WGDiQm8g=="],

    "@vue/language-core": ["@vue/language-core@2.2.12", "https://registry.npmmirror.com/@vue/language-core/-/language-core-2.2.12.tgz", { "dependencies": { "@volar/language-core": "2.4.15", "@vue/compiler-dom": "^3.5.0", "@vue/compiler-vue2": "^2.7.16", "@vue/shared": "^3.5.0", "alien-signals": "^1.0.3", "minimatch": "^9.0.3", "muggle-string": "^0.4.1", "path-browserify": "^1.0.1" }, "peerDependencies": { "typescript": "*" }, "optionalPeers": ["typescript"] }, "sha512-IsGljWbKGU1MZpBPN+BvPAdr55YPkj2nB/TBNGNC32Vy2qLG25DYu/NBN2vNtZqdRbTRjaoYrahLrToim2NanA=="],

    "@vue/reactivity": ["@vue/reactivity@3.5.18", "https://registry.npmmirror.com/@vue/reactivity/-/reactivity-3.5.18.tgz", { "dependencies": { "@vue/shared": "3.5.18" } }, "sha512-x0vPO5Imw+3sChLM5Y+B6G1zPjwdOri9e8V21NnTnlEvkxatHEH5B5KEAJcjuzQ7BsjGrKtfzuQ5eQwXh8HXBg=="],

    "@vue/runtime-core": ["@vue/runtime-core@3.5.18", "https://registry.npmmirror.com/@vue/runtime-core/-/runtime-core-3.5.18.tgz", { "dependencies": { "@vue/reactivity": "3.5.18", "@vue/shared": "3.5.18" } }, "sha512-DUpHa1HpeOQEt6+3nheUfqVXRog2kivkXHUhoqJiKR33SO4x+a5uNOMkV487WPerQkL0vUuRvq/7JhRgLW3S+w=="],

    "@vue/runtime-dom": ["@vue/runtime-dom@3.5.18", "https://registry.npmmirror.com/@vue/runtime-dom/-/runtime-dom-3.5.18.tgz", { "dependencies": { "@vue/reactivity": "3.5.18", "@vue/runtime-core": "3.5.18", "@vue/shared": "3.5.18", "csstype": "^3.1.3" } }, "sha512-YwDj71iV05j4RnzZnZtGaXwPoUWeRsqinblgVJwR8XTXYZ9D5PbahHQgsbmzUvCWNF6x7siQ89HgnX5eWkr3mw=="],

    "@vue/server-renderer": ["@vue/server-renderer@3.5.18", "https://registry.npmmirror.com/@vue/server-renderer/-/server-renderer-3.5.18.tgz", { "dependencies": { "@vue/compiler-ssr": "3.5.18", "@vue/shared": "3.5.18" }, "peerDependencies": { "vue": "3.5.18" } }, "sha512-PvIHLUoWgSbDG7zLHqSqaCoZvHi6NNmfVFOqO+OnwvqMz/tqQr3FuGWS8ufluNddk7ZLBJYMrjcw1c6XzR12mA=="],

    "@vue/shared": ["@vue/shared@3.5.18", "https://registry.npmmirror.com/@vue/shared/-/shared-3.5.18.tgz", {}, "sha512-cZy8Dq+uuIXbxCZpuLd2GJdeSO/lIzIspC2WtkqIpje5QyFbvLaI5wZtdUjLHjGZrlVX6GilejatWwVYYRc8tA=="],

    "@vueuse/core": ["@vueuse/core@9.13.0", "https://registry.npmmirror.com/@vueuse/core/-/core-9.13.0.tgz", { "dependencies": { "@types/web-bluetooth": "^0.0.16", "@vueuse/metadata": "9.13.0", "@vueuse/shared": "9.13.0", "vue-demi": "*" } }, "sha512-pujnclbeHWxxPRqXWmdkKV5OX4Wk4YeK7wusHqRwU0Q7EFusHoqNA/aPhB6KCh9hEqJkLAJo7bb0Lh9b+OIVzw=="],

    "@vueuse/metadata": ["@vueuse/metadata@9.13.0", "https://registry.npmmirror.com/@vueuse/metadata/-/metadata-9.13.0.tgz", {}, "sha512-gdU7TKNAUVlXXLbaF+ZCfte8BjRJQWPCa2J55+7/h+yDtzw3vOoGQDRXzI6pyKyo6bXFT5/QoPE4hAknExjRLQ=="],

    "@vueuse/shared": ["@vueuse/shared@9.13.0", "https://registry.npmmirror.com/@vueuse/shared/-/shared-9.13.0.tgz", { "dependencies": { "vue-demi": "*" } }, "sha512-UrnhU+Cnufu4S6JLCPZnkWh0WwZGUp72ktOF2DFptMlOs3TOdVv8xJN53zhHGARmVOsz5KqOls09+J1NR6sBKw=="],

    "abbrev": ["abbrev@1.1.1", "", {}, "sha512-nne9/IiQ/hzIhY6pdDnbBtz7DjPTKrY00P/zvPSm5pOFkl6xuGrGnXn/VtTNNfNtAfZ9/1RtehkszU9qcTii0Q=="],

    "alien-signals": ["alien-signals@1.0.13", "https://registry.npmmirror.com/alien-signals/-/alien-signals-1.0.13.tgz", {}, "sha512-OGj9yyTnJEttvzhTUWuscOvtqxq5vrhF7vL9oS0xJ2mK0ItPYP1/y+vCFebfxoEyAz0++1AIwJ5CMr+Fk3nDmg=="],

    "async-validator": ["async-validator@4.2.5", "https://registry.npmmirror.com/async-validator/-/async-validator-4.2.5.tgz", {}, "sha512-7HhHjtERjqlNbZtqNqy2rckN/SpOOlmDliet+lP7k+eKZEjPk3DgyeU9lIXLdeLz0uBbbVp+9Qdow9wJWgwwfg=="],

    "balanced-match": ["balanced-match@1.0.2", "https://registry.npmmirror.com/balanced-match/-/balanced-match-1.0.2.tgz", {}, "sha512-3oSeUO0TMV67hN1AmbXsK4yaqU7tjiHlbxRDZOpH0KW9+CeX4bRAaX0Anxt0tx2MrpRpWwQaPwIlISEJhYU5Pw=="],

    "brace-expansion": ["brace-expansion@2.0.2", "https://registry.npmmirror.com/brace-expansion/-/brace-expansion-2.0.2.tgz", { "dependencies": { "balanced-match": "^1.0.0" } }, "sha512-Jt0vHyM+jmUBqojB7E1NIYadt0vI0Qxjxd2TErW94wDz+E2LAm5vKMXXwg6ZZBTHPuUlDgQHKXvjGBdfcF1ZDQ=="],

    "csstype": ["csstype@3.1.3", "https://registry.npmmirror.com/csstype/-/csstype-3.1.3.tgz", {}, "sha512-M1uQkMl8rQK/szD0LNhtqxIPLpimGm8sOBwU7lLnCpSbTyY3yeU1Vc7l4KT5zT4s/yOxHH5O7tIuuLOCnLADRw=="],

    "dayjs": ["dayjs@1.11.13", "https://registry.npmmirror.com/dayjs/-/dayjs-1.11.13.tgz", {}, "sha512-oaMBel6gjolK862uaPQOVTA7q3TZhuSvuMQAAglQDOWYO9A91IrAOUJEyKVlqJlHE0vq5p5UXxzdPfMH/x6xNg=="],

    "de-indent": ["de-indent@1.0.2", "https://registry.npmmirror.com/de-indent/-/de-indent-1.0.2.tgz", {}, "sha512-e/1zu3xH5MQryN2zdVaF0OrdNLUbvWxzMbi+iNA6Bky7l1RoP8a2fIbRocyHclXt/arDrrR6lL3TqFD9pMQTsg=="],

    "diff": ["diff@8.0.2", "", {}, "sha512-sSuxWU5j5SR9QQji/o2qMvqRNYRDOcBTgsJ/DeCf4iSN4gW+gNMXM7wFIP+fdXZxoNiAnHUTGjCr+TSWXdRDKg=="],

    "diff2html": ["diff2html@3.4.52", "", { "dependencies": { "diff": "^7.0.0", "hogan.js": "3.0.2" }, "optionalDependencies": { "highlight.js": "11.9.0" } }, "sha512-qhMg8/I3sZ4zm/6R/Kh0xd6qG6Vm86w6M+C9W+DuH1V8ACz+1cgEC8/k0ucjv6AGqZWzHm/8G1gh7IlrUqCMhg=="],

    "element-plus": ["element-plus@2.10.4", "https://registry.npmmirror.com/element-plus/-/element-plus-2.10.4.tgz", { "dependencies": { "@ctrl/tinycolor": "^3.4.1", "@element-plus/icons-vue": "^2.3.1", "@floating-ui/dom": "^1.0.1", "@popperjs/core": "npm:@sxzz/popperjs-es@^2.11.7", "@types/lodash": "^4.14.182", "@types/lodash-es": "^4.17.6", "@vueuse/core": "^9.1.0", "async-validator": "^4.2.5", "dayjs": "^1.11.13", "escape-html": "^1.0.3", "lodash": "^4.17.21", "lodash-es": "^4.17.21", "lodash-unified": "^1.0.2", "memoize-one": "^6.0.0", "normalize-wheel-es": "^1.2.0" }, "peerDependencies": { "vue": "^3.2.0" } }, "sha512-UD4elWHrCnp1xlPhbXmVcaKFLCRaRAY6WWRwemGfGW3ceIjXm9fSYc9RNH3AiOEA6Ds1p9ZvhCs76CR9J8Vd+A=="],

    "entities": ["entities@4.5.0", "https://registry.npmmirror.com/entities/-/entities-4.5.0.tgz", {}, "sha512-V0hjH4dGPh9Ao5p0MoRY6BVqtwCjhz6vI5LT8AJ55H+4g9/4vbHx1I54fS0XuclLhDHArPQCiMjDxjaL8fPxhw=="],

    "esbuild": ["esbuild@0.25.8", "https://registry.npmmirror.com/esbuild/-/esbuild-0.25.8.tgz", { "optionalDependencies": { "@esbuild/aix-ppc64": "0.25.8", "@esbuild/android-arm": "0.25.8", "@esbuild/android-arm64": "0.25.8", "@esbuild/android-x64": "0.25.8", "@esbuild/darwin-arm64": "0.25.8", "@esbuild/darwin-x64": "0.25.8", "@esbuild/freebsd-arm64": "0.25.8", "@esbuild/freebsd-x64": "0.25.8", "@esbuild/linux-arm": "0.25.8", "@esbuild/linux-arm64": "0.25.8", "@esbuild/linux-ia32": "0.25.8", "@esbuild/linux-loong64": "0.25.8", "@esbuild/linux-mips64el": "0.25.8", "@esbuild/linux-ppc64": "0.25.8", "@esbuild/linux-riscv64": "0.25.8", "@esbuild/linux-s390x": "0.25.8", "@esbuild/linux-x64": "0.25.8", "@esbuild/netbsd-arm64": "0.25.8", "@esbuild/netbsd-x64": "0.25.8", "@esbuild/openbsd-arm64": "0.25.8", "@esbuild/openbsd-x64": "0.25.8", "@esbuild/openharmony-arm64": "0.25.8", "@esbuild/sunos-x64": "0.25.8", "@esbuild/win32-arm64": "0.25.8", "@esbuild/win32-ia32": "0.25.8", "@esbuild/win32-x64": "0.25.8" }, "bin": { "esbuild": "bin/esbuild" } }, "sha512-vVC0USHGtMi8+R4Kz8rt6JhEWLxsv9Rnu/lGYbPR8u47B+DCBksq9JarW0zOO7bs37hyOK1l2/oqtbciutL5+Q=="],

    "escape-html": ["escape-html@1.0.3", "https://registry.npmmirror.com/escape-html/-/escape-html-1.0.3.tgz", {}, "sha512-NiSupZ4OeuGwr68lGIeym/ksIZMJodUGOSCZ/FSnTxcrekbvqrgdUxlJOMpijaKZVjAJrWrGs/6Jy8OMuyj9ow=="],

    "estree-walker": ["estree-walker@2.0.2", "https://registry.npmmirror.com/estree-walker/-/estree-walker-2.0.2.tgz", {}, "sha512-Rfkk/Mp/DL7JVje3u18FxFujQlTNR2q6QfMSMB7AvCBx91NGj/ba3kCfza0f6dVDbw7YlRf/nDrn7pQrCCyQ/w=="],

    "exifr": ["exifr@7.1.3", "", {}, "sha512-g/aje2noHivrRSLbAUtBPWFbxKdKhgj/xr1vATDdUXPOFYJlQ62Ft0oy+72V6XLIpDJfHs6gXLbBLAolqOXYRw=="],

    "fdir": ["fdir@6.4.6", "https://registry.npmmirror.com/fdir/-/fdir-6.4.6.tgz", { "peerDependencies": { "picomatch": "^3 || ^4" }, "optionalPeers": ["picomatch"] }, "sha512-hiFoqpyZcfNm1yc4u8oWCf9A2c4D3QjCrks3zmoVKVxpQRzmPNar1hUJcBG2RQHvEVGDN+Jm81ZheVLAQMK6+w=="],

    "fsevents": ["fsevents@2.3.3", "https://registry.npmmirror.com/fsevents/-/fsevents-2.3.3.tgz", { "os": "darwin" }, "sha512-5xoDfX+fL7faATnagmWPpbFtwh/R77WmMMqqHGS65C3vvB0YHrgF+B1YmZ3441tMj5n63k0212XNoJwzlhffQw=="],

    "he": ["he@1.2.0", "https://registry.npmmirror.com/he/-/he-1.2.0.tgz", { "bin": { "he": "bin/he" } }, "sha512-F/1DnUGPopORZi0ni+CvrCgHQ5FyEAHRLSApuYWMmrbSwoN2Mn/7k+Gl38gJnR7yyDZk6WLXwiGod1JOWNDKGw=="],

    "highlight.js": ["highlight.js@11.9.0", "", {}, "sha512-fJ7cW7fQGCYAkgv4CPfwFHrfd/cLS4Hau96JuJ+ZTOWhjnhoeN1ub1tFmALm/+lW5z4WCAuAV9bm05AP0mS6Gw=="],

    "hogan.js": ["hogan.js@3.0.2", "", { "dependencies": { "mkdirp": "0.3.0", "nopt": "1.0.10" }, "bin": { "hulk": "./bin/hulk" } }, "sha512-RqGs4wavGYJWE07t35JQccByczmNUXQT0E12ZYV1VKYu5UiAU9lsos/yBAcf840+zrUQQxgVduCR5/B8nNtibg=="],

    "jsondiffpatch": ["jsondiffpatch@0.7.3", "", { "dependencies": { "@dmsnell/diff-match-patch": "^1.1.0" }, "bin": { "jsondiffpatch": "bin/jsondiffpatch.js" } }, "sha512-zd4dqFiXSYyant2WgSXAZ9+yYqilNVvragVNkNRn2IFZKgjyULNrKRznqN4Zon0MkLueCg+3QaPVCnDAVP20OQ=="],

    "lodash": ["lodash@4.17.21", "https://registry.npmmirror.com/lodash/-/lodash-4.17.21.tgz", {}, "sha512-v2kDEe57lecTulaDIuNTPy3Ry4gLGJ6Z1O3vE1krgXZNrsQ+LFTGHVxVjcXPs17LhbZVGedAJv8XZ1tvj5FvSg=="],

    "lodash-es": ["lodash-es@4.17.21", "https://registry.npmmirror.com/lodash-es/-/lodash-es-4.17.21.tgz", {}, "sha512-mKnC+QJ9pWVzv+C4/U3rRsHapFfHvQFoFB92e52xeyGMcX6/OlIl78je1u8vePzYZSkkogMPJ2yjxxsb89cxyw=="],

    "lodash-unified": ["lodash-unified@1.0.3", "https://registry.npmmirror.com/lodash-unified/-/lodash-unified-1.0.3.tgz", { "peerDependencies": { "@types/lodash-es": "*", "lodash": "*", "lodash-es": "*" } }, "sha512-WK9qSozxXOD7ZJQlpSqOT+om2ZfcT4yO+03FuzAHD0wF6S0l0090LRPDx3vhTTLZ8cFKpBn+IOcVXK6qOcIlfQ=="],

    "magic-string": ["magic-string@0.30.17", "https://registry.npmmirror.com/magic-string/-/magic-string-0.30.17.tgz", { "dependencies": { "@jridgewell/sourcemap-codec": "^1.5.0" } }, "sha512-sNPKHvyjVf7gyjwS4xGTaW/mCnF8wnjtifKBEhxfZ7E/S8tQ0rssrwGNn6q8JH/ohItJfSQp9mBtQYuTlH5QnA=="],

    "memoize-one": ["memoize-one@6.0.0", "https://registry.npmmirror.com/memoize-one/-/memoize-one-6.0.0.tgz", {}, "sha512-rkpe71W0N0c0Xz6QD0eJETuWAJGnJ9afsl1srmwPrI+yBCkge5EycXXbYRyvL29zZVUWQCY7InPRCv3GDXuZNw=="],

    "minimatch": ["minimatch@9.0.5", "https://registry.npmmirror.com/minimatch/-/minimatch-9.0.5.tgz", { "dependencies": { "brace-expansion": "^2.0.1" } }, "sha512-G6T0ZX48xgozx7587koeX9Ys2NYy6Gmv//P89sEte9V9whIapMNF4idKxnW2QtCcLiTWlb/wfCabAtAFWhhBow=="],

    "mkdirp": ["mkdirp@0.3.0", "", {}, "sha512-OHsdUcVAQ6pOtg5JYWpCBo9W/GySVuwvP9hueRMW7UqshC0tbfzLv8wjySTPm3tfUZ/21CE9E1pJagOA91Pxew=="],

    "muggle-string": ["muggle-string@0.4.1", "https://registry.npmmirror.com/muggle-string/-/muggle-string-0.4.1.tgz", {}, "sha512-VNTrAak/KhO2i8dqqnqnAHOa3cYBwXEZe9h+D5h/1ZqFSTEFHdM65lR7RoIqq3tBBYavsOXV84NoHXZ0AkPyqQ=="],

    "nanoid": ["nanoid@3.3.11", "https://registry.npmmirror.com/nanoid/-/nanoid-3.3.11.tgz", { "bin": { "nanoid": "bin/nanoid.cjs" } }, "sha512-N8SpfPUnUp1bK+PMYW8qSWdl9U+wwNWI4QKxOYDy9JAro3WMX7p2OeVRF9v+347pnakNevPmiHhNmZ2HbFA76w=="],

    "nopt": ["nopt@1.0.10", "", { "dependencies": { "abbrev": "1" }, "bin": { "nopt": "./bin/nopt.js" } }, "sha512-NWmpvLSqUrgrAC9HCuxEvb+PSloHpqVu+FqcO4eeF2h5qYRhA7ev6KvelyQAKtegUbC6RypJnlEOhd8vloNKYg=="],

    "normalize-wheel-es": ["normalize-wheel-es@1.2.0", "https://registry.npmmirror.com/normalize-wheel-es/-/normalize-wheel-es-1.2.0.tgz", {}, "sha512-Wj7+EJQ8mSuXr2iWfnujrimU35R2W4FAErEyTmJoJ7ucwTn2hOUSsRehMb5RSYkxXGTM7Y9QpvPmp++w5ftoJw=="],

    "path-browserify": ["path-browserify@1.0.1", "https://registry.npmmirror.com/path-browserify/-/path-browserify-1.0.1.tgz", {}, "sha512-b7uo2UCUOYZcnF/3ID0lulOJi/bafxa1xPe7ZPsammBSpjSWQkjNxlt635YGS2MiR9GjvuXCtz2emr3jbsz98g=="],

    "picocolors": ["picocolors@1.1.1", "https://registry.npmmirror.com/picocolors/-/picocolors-1.1.1.tgz", {}, "sha512-xceH2snhtb5M9liqDsmEw56le376mTZkEX/jEb/RxNFyegNul7eNslCXP9FDj/Lcu0X8KEyMceP2ntpaHrDEVA=="],

    "picomatch": ["picomatch@4.0.3", "https://registry.npmmirror.com/picomatch/-/picomatch-4.0.3.tgz", {}, "sha512-5gTmgEY/sqK6gFXLIsQNH19lWb4ebPDLA4SdLP7dsWkIXHWlG66oPuVvXSGFPppYZz8ZDZq0dYYrbHfBCVUb1Q=="],

    "postcss": ["postcss@8.5.6", "https://registry.npmmirror.com/postcss/-/postcss-8.5.6.tgz", { "dependencies": { "nanoid": "^3.3.11", "picocolors": "^1.1.1", "source-map-js": "^1.2.1" } }, "sha512-3Ybi1tAuwAP9s0r1UQ2J4n5Y0G05bJkpUIO0/bI9MhwmD70S5aTWbXGBwxHrelT+XM1k6dM0pk+SwNkpTRN7Pg=="],

    "prettier": ["prettier@3.6.2", "", { "bin": { "prettier": "bin/prettier.cjs" } }, "sha512-I7AIg5boAr5R0FFtJ6rCfD+LFsWHp81dolrFD8S79U9tb8Az2nGrJncnMSnys+bpQJfRUzqs9hnA81OAA3hCuQ=="],

    "rollup": ["rollup@4.45.1", "https://registry.npmmirror.com/rollup/-/rollup-4.45.1.tgz", { "dependencies": { "@types/estree": "1.0.8" }, "optionalDependencies": { "@rollup/rollup-android-arm-eabi": "4.45.1", "@rollup/rollup-android-arm64": "4.45.1", "@rollup/rollup-darwin-arm64": "4.45.1", "@rollup/rollup-darwin-x64": "4.45.1", "@rollup/rollup-freebsd-arm64": "4.45.1", "@rollup/rollup-freebsd-x64": "4.45.1", "@rollup/rollup-linux-arm-gnueabihf": "4.45.1", "@rollup/rollup-linux-arm-musleabihf": "4.45.1", "@rollup/rollup-linux-arm64-gnu": "4.45.1", "@rollup/rollup-linux-arm64-musl": "4.45.1", "@rollup/rollup-linux-loongarch64-gnu": "4.45.1", "@rollup/rollup-linux-powerpc64le-gnu": "4.45.1", "@rollup/rollup-linux-riscv64-gnu": "4.45.1", "@rollup/rollup-linux-riscv64-musl": "4.45.1", "@rollup/rollup-linux-s390x-gnu": "4.45.1", "@rollup/rollup-linux-x64-gnu": "4.45.1", "@rollup/rollup-linux-x64-musl": "4.45.1", "@rollup/rollup-win32-arm64-msvc": "4.45.1", "@rollup/rollup-win32-ia32-msvc": "4.45.1", "@rollup/rollup-win32-x64-msvc": "4.45.1", "fsevents": "~2.3.2" }, "bin": { "rollup": "dist/bin/rollup" } }, "sha512-4iya7Jb76fVpQyLoiVpzUrsjQ12r3dM7fIVz+4NwoYvZOShknRmiv+iu9CClZml5ZLGb0XMcYLutK6w9tgxHDw=="],

    "sortablejs": ["sortablejs@1.15.6", "", {}, "sha512-aNfiuwMEpfBM/CN6LY0ibyhxPfPbyFeBTYJKCvzkJ2GkUpazIt3H+QIPAMHwqQ7tMKaHz1Qj+rJJCqljnf4p3A=="],

    "source-map-js": ["source-map-js@1.2.1", "https://registry.npmmirror.com/source-map-js/-/source-map-js-1.2.1.tgz", {}, "sha512-UXWMKhLOwVKb728IUtQPXxfYU+usdybtUrK/8uGE8CQMvrhOpwvzDBwj0QhSL7MQc7vIsISBG8VQ8+IDQxpfQA=="],

    "tinyglobby": ["tinyglobby@0.2.14", "https://registry.npmmirror.com/tinyglobby/-/tinyglobby-0.2.14.tgz", { "dependencies": { "fdir": "^6.4.4", "picomatch": "^4.0.2" } }, "sha512-tX5e7OM1HnYr2+a2C/4V0htOcSQcoSTH9KgJnVvNm5zm/cyEWKJ7j7YutsH9CxMdtOkkLFy2AHrMci9IM8IPZQ=="],

    "typescript": ["typescript@5.6.3", "https://registry.npmmirror.com/typescript/-/typescript-5.6.3.tgz", { "bin": { "tsc": "bin/tsc", "tsserver": "bin/tsserver" } }, "sha512-hjcS1mhfuyi4WW8IWtjP7brDrG2cuDZukyrYrSauoXGNgx0S7zceP07adYkJycEr56BOUTNPzbInooiN3fn1qw=="],

    "vite": ["vite@6.3.5", "https://registry.npmmirror.com/vite/-/vite-6.3.5.tgz", { "dependencies": { "esbuild": "^0.25.0", "fdir": "^6.4.4", "picomatch": "^4.0.2", "postcss": "^8.5.3", "rollup": "^4.34.9", "tinyglobby": "^0.2.13" }, "optionalDependencies": { "fsevents": "~2.3.3" }, "peerDependencies": { "@types/node": "^18.0.0 || ^20.0.0 || >=22.0.0", "jiti": ">=1.21.0", "less": "*", "lightningcss": "^1.21.0", "sass": "*", "sass-embedded": "*", "stylus": "*", "sugarss": "*", "terser": "^5.16.0", "tsx": "^4.8.1", "yaml": "^2.4.2" }, "optionalPeers": ["@types/node", "jiti", "less", "lightningcss", "sass", "sass-embedded", "stylus", "sugarss", "terser", "tsx", "yaml"], "bin": { "vite": "bin/vite.js" } }, "sha512-cZn6NDFE7wdTpINgs++ZJ4N49W2vRp8LCKrn3Ob1kYNtOo21vfDoaV5GzBfLU4MovSAB8uNRm4jgzVQZ+mBzPQ=="],

    "vscode-uri": ["vscode-uri@3.1.0", "https://registry.npmmirror.com/vscode-uri/-/vscode-uri-3.1.0.tgz", {}, "sha512-/BpdSx+yCQGnCvecbyXdxHDkuk55/G3xwnC0GqY4gmQ3j+A+g8kzzgB4Nk/SINjqn6+waqw3EgbVF2QKExkRxQ=="],

    "vue": ["vue@3.5.18", "https://registry.npmmirror.com/vue/-/vue-3.5.18.tgz", { "dependencies": { "@vue/compiler-dom": "3.5.18", "@vue/compiler-sfc": "3.5.18", "@vue/runtime-dom": "3.5.18", "@vue/server-renderer": "3.5.18", "@vue/shared": "3.5.18" }, "peerDependencies": { "typescript": "*" }, "optionalPeers": ["typescript"] }, "sha512-7W4Y4ZbMiQ3SEo+m9lnoNpV9xG7QVMLa+/0RFwwiAVkeYoyGXqWE85jabU4pllJNUzqfLShJ5YLptewhCWUgNA=="],

    "vue-demi": ["vue-demi@0.14.10", "https://registry.npmmirror.com/vue-demi/-/vue-demi-0.14.10.tgz", { "peerDependencies": { "@vue/composition-api": "^1.0.0-rc.1", "vue": "^3.0.0-0 || ^2.6.0" }, "optionalPeers": ["@vue/composition-api"], "bin": { "vue-demi-fix": "bin/vue-demi-fix.js", "vue-demi-switch": "bin/vue-demi-switch.js" } }, "sha512-nMZBOwuzabUO0nLgIcc6rycZEebF6eeUfaiQx9+WSk8e29IbLvPU9feI6tqW4kTo3hvoYAJkMh8n8D0fuISphg=="],

    "vue-draggable-next": ["vue-draggable-next@2.2.1", "", { "peerDependencies": { "sortablejs": "^1.14.0", "vue": "^3.2.2" } }, "sha512-EAMS1IRHF0kZO0o5PMOinsQsXIqsrKT1hKmbICxG3UEtn7zLFkLxlAtajcCcUTisNvQ6TtCB5COjD9a1raNADw=="],

    "vue-router": ["vue-router@4.5.1", "https://registry.npmmirror.com/vue-router/-/vue-router-4.5.1.tgz", { "dependencies": { "@vue/devtools-api": "^6.6.4" }, "peerDependencies": { "vue": "^3.2.0" } }, "sha512-ogAF3P97NPm8fJsE4by9dwSYtDwXIY1nFY9T6DyQnGHd1E2Da94w9JIolpe42LJGIl0DwOHBi8TcRPlPGwbTtw=="],

    "vue-tsc": ["vue-tsc@2.2.12", "https://registry.npmmirror.com/vue-tsc/-/vue-tsc-2.2.12.tgz", { "dependencies": { "@volar/typescript": "2.4.15", "@vue/language-core": "2.2.12" }, "peerDependencies": { "typescript": ">=5.0.0" }, "bin": { "vue-tsc": "./bin/vue-tsc.js" } }, "sha512-P7OP77b2h/Pmk+lZdJ0YWs+5tJ6J2+uOQPo7tlBnY44QqQSPYvS0qVT4wqDJgwrZaLe47etJLLQRFia71GYITw=="],

    "diff2html/diff": ["diff@7.0.0", "", {}, "sha512-PJWHUb1RFevKCwaFA9RlG5tCd+FO5iRh9A8HEtkmBH2Li03iJriB6m6JIN4rGz3K3JLawI7/veA1xzRKP6ISBw=="],
  }
}
